github.com/cybersamx/c v1.2.0 h1:295YF0T86FeqLTiAWu16D/HWqzvxE+8Tm5T8pG+U0Iw=
github.com/cybersamx/c v1.2.0/go.mod h1:9/TcfA9sx7Z68WesFP3vfdLIJFawaxcwZ73nIqLXmOE=
github.com/cybersamx/c v1.3.0 h1:7zRb7Z9oKiGR9IwrfF90+deF+vuEaCol345Y5EkjHOc=
github.com/cybersamx/c v1.3.0/go.mod h1:9/TcfA9sx7Z68WesFP3vfdLIJFawaxcwZ73nIqLXmOE=
github.com/cybersamx/e v1.1.0 h1:aXBWb1h72Q0NpJbpwe+s6ejvrjMzlESbmTkvtMcT3WI=
github.com/cybersamx/e v1.1.0/go.mod h1:Bxk33FSkbwMqEW7fNtZYAXi+/DzYCH8TIq+O7RCfPVg=
