github.com/cybersamx/c v1.0.0 h1:RL0Jt8UWka3EaOXAO+6G6L06t7FKwoKXc0rhqi+XGdM=
github.com/cybersamx/c v1.0.0/go.mod h1:z4tw4A3V9f3OSSXryUDHv0db63XouB3hsA3zCcusvWw=
github.com/cybersamx/e v1.0.0 h1:MZSzrHMghRZHqNLbG/d/gBxUwaRfGirpI8N3Up1ANjg=
github.com/cybersamx/e v1.0.0/go.mod h1:Bxk33FSkbwMqEW7fNtZYAXi+/DzYCH8TIq+O7RCfPVg=
